
Microsoft Visual Studio Solution File, Format Version 12.00
# Visual Studio 15
VisualStudioVersion = 15.0.28307.136
MinimumVisualStudioVersion = 10.0.40219.1
Project("{2150E333-8FDC-42A3-9474-1A3956D46DE8}") = "Data", "Data", "{DF2EAB1F-FE85-4660-B71B-A33A1B41CC0E}"
EndProject
Project("{9A19103F-16F7-4668-BE54-9A1E7A4F7556}") = "FootballApp.Data.ApiModels", "Data\FootballApp.Data.ApiModels\FootballApp.Data.ApiModels.csproj", "{7C410ED2-B94B-4B37-B308-E4EA4B5665EA}"
EndProject
Project("{2150E333-8FDC-42A3-9474-1A3956D46DE8}") = "Tests", "Tests", "{76416813-67ED-4AD7-83C1-E24EA463BC9F}"
EndProject
Project("{9A19103F-16F7-4668-BE54-9A1E7A4F7556}") = "Sandbox", "Tests\Sandbox\Sandbox.csproj", "{9842F788-3897-4908-9E27-747596D931B3}"
EndProject
Project("{9A19103F-16F7-4668-BE54-9A1E7A4F7556}") = "FootballApp.Data", "Data\FootballApp.Data\FootballApp.Data.csproj", "{7E6D05D8-6300-4947-BCAB-CD9B04C7576C}"
EndProject
Project("{2150E333-8FDC-42A3-9474-1A3956D46DE8}") = "Web", "Web", "{267FA80C-C5AE-4A11-B14F-0CA14842CACA}"
EndProject
Project("{9A19103F-16F7-4668-BE54-9A1E7A4F7556}") = "FootballApp.Api", "Web\FootballApp.Api\FootballApp.Api.csproj", "{CD18FAE4-21DE-430B-9F89-752E5D9F4D72}"
EndProject
Project("{9A19103F-16F7-4668-BE54-9A1E7A4F7556}") = "FootballApp.Data.Common", "Data\FootballApp.Data.Common\FootballApp.Data.Common.csproj", "{987F4D1F-53AF-4219-8653-3AAF7B842301}"
EndProject
Project("{9A19103F-16F7-4668-BE54-9A1E7A4F7556}") = "FootballApp.Data.DbModels", "Data\FootballApp.Data.DbModels\FootballApp.Data.DbModels.csproj", "{F4E958B8-F5CC-4DE1-B292-999B0BD1D021}"
EndProject
Project("{2150E333-8FDC-42A3-9474-1A3956D46DE8}") = "Services", "Services", "{854B67A0-02AF-4BB9-9969-EA6C85C038B5}"
EndProject
Project("{9A19103F-16F7-4668-BE54-9A1E7A4F7556}") = "FootballApp.Services.DataServices", "Services\FootballApp.Services.DataServices\FootballApp.Services.DataServices.csproj", "{D482521E-3C5E-42B2-B105-54A8EFAFBA69}"
EndProject
Project("{9A19103F-16F7-4668-BE54-9A1E7A4F7556}") = "FootballApp.Services.Dtos", "Services\FootballApp.Services.Dtos\FootballApp.Services.Dtos.csproj", "{8C9FF2FC-9C61-4B18-9921-6ACD7111294E}"
EndProject
Project("{2150E333-8FDC-42A3-9474-1A3956D46DE8}") = "Common", "Common", "{ACF9F9C8-913E-405C-9BB6-A5A0D813F06E}"
EndProject
Project("{9A19103F-16F7-4668-BE54-9A1E7A4F7556}") = "FootballApp.Common", "Common\FootballApp.Common\FootballApp.Common.csproj", "{BB12715A-0238-4392-8B65-6146AAB9B335}"
EndProject
Global
	GlobalSection(SolutionConfigurationPlatforms) = preSolution
		Debug|Any CPU = Debug|Any CPU
		Release|Any CPU = Release|Any CPU
	EndGlobalSection
	GlobalSection(ProjectConfigurationPlatforms) = postSolution
		{7C410ED2-B94B-4B37-B308-E4EA4B5665EA}.Debug|Any CPU.ActiveCfg = Debug|Any CPU
		{7C410ED2-B94B-4B37-B308-E4EA4B5665EA}.Debug|Any CPU.Build.0 = Debug|Any CPU
		{7C410ED2-B94B-4B37-B308-E4EA4B5665EA}.Release|Any CPU.ActiveCfg = Release|Any CPU
		{7C410ED2-B94B-4B37-B308-E4EA4B5665EA}.Release|Any CPU.Build.0 = Release|Any CPU
		{9842F788-3897-4908-9E27-747596D931B3}.Debug|Any CPU.ActiveCfg = Debug|Any CPU
		{9842F788-3897-4908-9E27-747596D931B3}.Debug|Any CPU.Build.0 = Debug|Any CPU
		{9842F788-3897-4908-9E27-747596D931B3}.Release|Any CPU.ActiveCfg = Release|Any CPU
		{9842F788-3897-4908-9E27-747596D931B3}.Release|Any CPU.Build.0 = Release|Any CPU
		{7E6D05D8-6300-4947-BCAB-CD9B04C7576C}.Debug|Any CPU.ActiveCfg = Debug|Any CPU
		{7E6D05D8-6300-4947-BCAB-CD9B04C7576C}.Debug|Any CPU.Build.0 = Debug|Any CPU
		{7E6D05D8-6300-4947-BCAB-CD9B04C7576C}.Release|Any CPU.ActiveCfg = Release|Any CPU
		{7E6D05D8-6300-4947-BCAB-CD9B04C7576C}.Release|Any CPU.Build.0 = Release|Any CPU
		{CD18FAE4-21DE-430B-9F89-752E5D9F4D72}.Debug|Any CPU.ActiveCfg = Debug|Any CPU
		{CD18FAE4-21DE-430B-9F89-752E5D9F4D72}.Debug|Any CPU.Build.0 = Debug|Any CPU
		{CD18FAE4-21DE-430B-9F89-752E5D9F4D72}.Release|Any CPU.ActiveCfg = Release|Any CPU
		{CD18FAE4-21DE-430B-9F89-752E5D9F4D72}.Release|Any CPU.Build.0 = Release|Any CPU
		{987F4D1F-53AF-4219-8653-3AAF7B842301}.Debug|Any CPU.ActiveCfg = Debug|Any CPU
		{987F4D1F-53AF-4219-8653-3AAF7B842301}.Debug|Any CPU.Build.0 = Debug|Any CPU
		{987F4D1F-53AF-4219-8653-3AAF7B842301}.Release|Any CPU.ActiveCfg = Release|Any CPU
		{987F4D1F-53AF-4219-8653-3AAF7B842301}.Release|Any CPU.Build.0 = Release|Any CPU
		{F4E958B8-F5CC-4DE1-B292-999B0BD1D021}.Debug|Any CPU.ActiveCfg = Debug|Any CPU
		{F4E958B8-F5CC-4DE1-B292-999B0BD1D021}.Debug|Any CPU.Build.0 = Debug|Any CPU
		{F4E958B8-F5CC-4DE1-B292-999B0BD1D021}.Release|Any CPU.ActiveCfg = Release|Any CPU
		{F4E958B8-F5CC-4DE1-B292-999B0BD1D021}.Release|Any CPU.Build.0 = Release|Any CPU
		{D482521E-3C5E-42B2-B105-54A8EFAFBA69}.Debug|Any CPU.ActiveCfg = Debug|Any CPU
		{D482521E-3C5E-42B2-B105-54A8EFAFBA69}.Debug|Any CPU.Build.0 = Debug|Any CPU
		{D482521E-3C5E-42B2-B105-54A8EFAFBA69}.Release|Any CPU.ActiveCfg = Release|Any CPU
		{D482521E-3C5E-42B2-B105-54A8EFAFBA69}.Release|Any CPU.Build.0 = Release|Any CPU
		{8C9FF2FC-9C61-4B18-9921-6ACD7111294E}.Debug|Any CPU.ActiveCfg = Debug|Any CPU
		{8C9FF2FC-9C61-4B18-9921-6ACD7111294E}.Debug|Any CPU.Build.0 = Debug|Any CPU
		{8C9FF2FC-9C61-4B18-9921-6ACD7111294E}.Release|Any CPU.ActiveCfg = Release|Any CPU
		{8C9FF2FC-9C61-4B18-9921-6ACD7111294E}.Release|Any CPU.Build.0 = Release|Any CPU
		{BB12715A-0238-4392-8B65-6146AAB9B335}.Debug|Any CPU.ActiveCfg = Debug|Any CPU
		{BB12715A-0238-4392-8B65-6146AAB9B335}.Debug|Any CPU.Build.0 = Debug|Any CPU
		{BB12715A-0238-4392-8B65-6146AAB9B335}.Release|Any CPU.ActiveCfg = Release|Any CPU
		{BB12715A-0238-4392-8B65-6146AAB9B335}.Release|Any CPU.Build.0 = Release|Any CPU
	EndGlobalSection
	GlobalSection(SolutionProperties) = preSolution
		HideSolutionNode = FALSE
	EndGlobalSection
	GlobalSection(NestedProjects) = preSolution
		{7C410ED2-B94B-4B37-B308-E4EA4B5665EA} = {DF2EAB1F-FE85-4660-B71B-A33A1B41CC0E}
		{9842F788-3897-4908-9E27-747596D931B3} = {76416813-67ED-4AD7-83C1-E24EA463BC9F}
		{7E6D05D8-6300-4947-BCAB-CD9B04C7576C} = {DF2EAB1F-FE85-4660-B71B-A33A1B41CC0E}
		{CD18FAE4-21DE-430B-9F89-752E5D9F4D72} = {267FA80C-C5AE-4A11-B14F-0CA14842CACA}
		{987F4D1F-53AF-4219-8653-3AAF7B842301} = {DF2EAB1F-FE85-4660-B71B-A33A1B41CC0E}
		{F4E958B8-F5CC-4DE1-B292-999B0BD1D021} = {DF2EAB1F-FE85-4660-B71B-A33A1B41CC0E}
		{D482521E-3C5E-42B2-B105-54A8EFAFBA69} = {854B67A0-02AF-4BB9-9969-EA6C85C038B5}
		{8C9FF2FC-9C61-4B18-9921-6ACD7111294E} = {854B67A0-02AF-4BB9-9969-EA6C85C038B5}
		{BB12715A-0238-4392-8B65-6146AAB9B335} = {ACF9F9C8-913E-405C-9BB6-A5A0D813F06E}
	EndGlobalSection
	GlobalSection(ExtensibilityGlobals) = postSolution
		SolutionGuid = {C5FD2269-889C-49A3-9FED-F6C9054AC62A}
	EndGlobalSection
EndGlobal
